
Microsoft Visual Studio Solution File, Format Version 12.00
# Visual Studio Version 16
VisualStudioVersion = 16.0.33214.272
MinimumVisualStudioVersion = 10.0.40219.1
Project("{FAE04EC0-301F-11D3-BF4B-00C04F79EFBC}") = "TestProject1", "TestProject1\TestProject1.csproj", "{3D9C8AE5-1889-4270-80D8-14E253FBC41C}"
EndProject
Global
	GlobalSection(SolutionConfigurationPlatforms) = preSolution
		Debug|Any CPU = Debug|Any CPU
		Release|Any CPU = Release|Any CPU
	EndGlobalSection
	GlobalSection(ProjectConfigurationPlatforms) = postSolution
		{3D9C8AE5-1889-4270-80D8-14E253FBC41C}.Debug|Any CPU.ActiveCfg = Debug|Any CPU
		{3D9C8AE5-1889-4270-80D8-14E253FBC41C}.Debug|Any CPU.Build.0 = Debug|Any CPU
		{3D9C8AE5-1889-4270-80D8-14E253FBC41C}.Release|Any CPU.ActiveCfg = Release|Any CPU
		{3D9C8AE5-1889-4270-80D8-14E253FBC41C}.Release|Any CPU.Build.0 = Release|Any CPU
	EndGlobalSection
	GlobalSection(SolutionProperties) = preSolution
		HideSolutionNode = FALSE
	EndGlobalSection
	GlobalSection(ExtensibilityGlobals) = postSolution
		SolutionGuid = {B7DAB979-0B40-4C2F-9B94-CFCA6A603E53}
	EndGlobalSection
EndGlobal
